
Microsoft Visual Studio Solution File, Format Version 11.00
# Visual Studio 2010
Project("{FAE04EC0-301F-11D3-BF4B-00C04F79EFBC}") = "Assembly-CSharp", "Assembly-CSharp.csproj", "{BF016426-C7F0-D5D6-ACF4-3C6340AB86C3}"
EndProject
Project("{FAE04EC0-301F-11D3-BF4B-00C04F79EFBC}") = "BDFramework.Core", "BDFramework.Core.csproj", "{1F8A5412-7A4B-A299-7D9E-7B027681C23C}"
EndProject
Project("{FAE04EC0-301F-11D3-BF4B-00C04F79EFBC}") = "BDFramework.Editor", "BDFramework.Editor.csproj", "{7BEADAF0-F5E1-7FC9-B00B-5C52DD07C76B}"
EndProject
Project("{FAE04EC0-301F-11D3-BF4B-00C04F79EFBC}") = "Sirenix.OdinInspector.CompatibilityLayer", "Sirenix.OdinInspector.CompatibilityLayer.csproj", "{340E62B0-F825-70D7-F27F-06D2670E83C5}"
EndProject
Project("{FAE04EC0-301F-11D3-BF4B-00C04F79EFBC}") = "BDFramework.Editor.TestRunner", "BDFramework.Editor.TestRunner.csproj", "{14E8D7D5-24D7-2A8C-CEF5-5D69D1549027}"
EndProject
Project("{FAE04EC0-301F-11D3-BF4B-00C04F79EFBC}") = "Sirenix.OdinInspector.CompatibilityLayer.Editor", "Sirenix.OdinInspector.CompatibilityLayer.Editor.csproj", "{5F4F3FDC-43F8-2A47-55F5-00E66F1587B4}"
EndProject
Global
	GlobalSection(SolutionConfigurationPlatforms) = preSolution
		Debug|Any CPU = Debug|Any CPU
		Release|Any CPU = Release|Any CPU
	EndGlobalSection
	GlobalSection(ProjectConfigurationPlatforms) = postSolution
		{BF016426-C7F0-D5D6-ACF4-3C6340AB86C3}.Debug|Any CPU.ActiveCfg = Debug|Any CPU
		{BF016426-C7F0-D5D6-ACF4-3C6340AB86C3}.Debug|Any CPU.Build.0 = Debug|Any CPU
		{BF016426-C7F0-D5D6-ACF4-3C6340AB86C3}.Release|Any CPU.ActiveCfg = Release|Any CPU
		{BF016426-C7F0-D5D6-ACF4-3C6340AB86C3}.Release|Any CPU.Build.0 = Release|Any CPU
		{1F8A5412-7A4B-A299-7D9E-7B027681C23C}.Debug|Any CPU.ActiveCfg = Debug|Any CPU
		{1F8A5412-7A4B-A299-7D9E-7B027681C23C}.Debug|Any CPU.Build.0 = Debug|Any CPU
		{1F8A5412-7A4B-A299-7D9E-7B027681C23C}.Release|Any CPU.ActiveCfg = Release|Any CPU
		{1F8A5412-7A4B-A299-7D9E-7B027681C23C}.Release|Any CPU.Build.0 = Release|Any CPU
		{7BEADAF0-F5E1-7FC9-B00B-5C52DD07C76B}.Debug|Any CPU.ActiveCfg = Debug|Any CPU
		{7BEADAF0-F5E1-7FC9-B00B-5C52DD07C76B}.Debug|Any CPU.Build.0 = Debug|Any CPU
		{7BEADAF0-F5E1-7FC9-B00B-5C52DD07C76B}.Release|Any CPU.ActiveCfg = Release|Any CPU
		{7BEADAF0-F5E1-7FC9-B00B-5C52DD07C76B}.Release|Any CPU.Build.0 = Release|Any CPU
		{340E62B0-F825-70D7-F27F-06D2670E83C5}.Debug|Any CPU.ActiveCfg = Debug|Any CPU
		{340E62B0-F825-70D7-F27F-06D2670E83C5}.Debug|Any CPU.Build.0 = Debug|Any CPU
		{340E62B0-F825-70D7-F27F-06D2670E83C5}.Release|Any CPU.ActiveCfg = Release|Any CPU
		{340E62B0-F825-70D7-F27F-06D2670E83C5}.Release|Any CPU.Build.0 = Release|Any CPU
		{14E8D7D5-24D7-2A8C-CEF5-5D69D1549027}.Debug|Any CPU.ActiveCfg = Debug|Any CPU
		{14E8D7D5-24D7-2A8C-CEF5-5D69D1549027}.Debug|Any CPU.Build.0 = Debug|Any CPU
		{14E8D7D5-24D7-2A8C-CEF5-5D69D1549027}.Release|Any CPU.ActiveCfg = Release|Any CPU
		{14E8D7D5-24D7-2A8C-CEF5-5D69D1549027}.Release|Any CPU.Build.0 = Release|Any CPU
		{5F4F3FDC-43F8-2A47-55F5-00E66F1587B4}.Debug|Any CPU.ActiveCfg = Debug|Any CPU
		{5F4F3FDC-43F8-2A47-55F5-00E66F1587B4}.Debug|Any CPU.Build.0 = Debug|Any CPU
		{5F4F3FDC-43F8-2A47-55F5-00E66F1587B4}.Release|Any CPU.ActiveCfg = Release|Any CPU
		{5F4F3FDC-43F8-2A47-55F5-00E66F1587B4}.Release|Any CPU.Build.0 = Release|Any CPU
	EndGlobalSection
	GlobalSection(SolutionProperties) = preSolution
		HideSolutionNode = FALSE
	EndGlobalSection
EndGlobal
