
Microsoft Visual Studio Solution File, Format Version 12.00
# Visual Studio 15
VisualStudioVersion = 15.0.27130.2036
MinimumVisualStudioVersion = 10.0.40219.1
Project("{FAE04EC0-301F-11D3-BF4B-00C04F79EFBC}") = "PublishCodeTools", "PublishCodeTools\PublishCodeTools.csproj", "{D1E5DB68-3686-4978-93C9-C0A40B08C533}"
EndProject
Global
	GlobalSection(SolutionConfigurationPlatforms) = preSolution
		Debug|Any CPU = Debug|Any CPU
		Release|Any CPU = Release|Any CPU
	EndGlobalSection
	GlobalSection(ProjectConfigurationPlatforms) = postSolution
		{D1E5DB68-3686-4978-93C9-C0A40B08C533}.Debug|Any CPU.ActiveCfg = Debug|Any CPU
		{D1E5DB68-3686-4978-93C9-C0A40B08C533}.Debug|Any CPU.Build.0 = Debug|Any CPU
		{D1E5DB68-3686-4978-93C9-C0A40B08C533}.Release|Any CPU.ActiveCfg = Release|Any CPU
		{D1E5DB68-3686-4978-93C9-C0A40B08C533}.Release|Any CPU.Build.0 = Release|Any CPU
	EndGlobalSection
	GlobalSection(SolutionProperties) = preSolution
		HideSolutionNode = FALSE
	EndGlobalSection
	GlobalSection(ExtensibilityGlobals) = postSolution
		SolutionGuid = {CD0086C2-DBB9-4C6A-8C54-ED7D24435A75}
	EndGlobalSection
EndGlobal
