
Microsoft Visual Studio Solution File, Format Version 12.00
# Visual Studio 15
VisualStudioVersion = 15.0.27130.2036
MinimumVisualStudioVersion = 10.0.40219.1
Project("{FAE04EC0-301F-11D3-BF4B-00C04F79EFBC}") = "BDFrameWork.Core", "BDFrameWork.Core\BDFrameWork.Core.csproj", "{96C48351-3245-43D1-9644-29DAD93EF0C0}"
EndProject
Project("{FAE04EC0-301F-11D3-BF4B-00C04F79EFBC}") = "BDFrameWork.Editor", "BDFrameWork.Editor\BDFrameWork.Editor.csproj", "{3B3F8332-CC89-47BA-9741-7DEC2EA512E0}"
	ProjectSection(ProjectDependencies) = postProject
		{96C48351-3245-43D1-9644-29DAD93EF0C0} = {96C48351-3245-43D1-9644-29DAD93EF0C0}
	EndProjectSection
EndProject
Global
	GlobalSection(SolutionConfigurationPlatforms) = preSolution
		Debug|Any CPU = Debug|Any CPU
		Release|Any CPU = Release|Any CPU
	EndGlobalSection
	GlobalSection(ProjectConfigurationPlatforms) = postSolution
		{96C48351-3245-43D1-9644-29DAD93EF0C0}.Debug|Any CPU.ActiveCfg = Debug|Any CPU
		{96C48351-3245-43D1-9644-29DAD93EF0C0}.Debug|Any CPU.Build.0 = Debug|Any CPU
		{96C48351-3245-43D1-9644-29DAD93EF0C0}.Release|Any CPU.ActiveCfg = Release|Any CPU
		{96C48351-3245-43D1-9644-29DAD93EF0C0}.Release|Any CPU.Build.0 = Release|Any CPU
		{3B3F8332-CC89-47BA-9741-7DEC2EA512E0}.Debug|Any CPU.ActiveCfg = Debug|Any CPU
		{3B3F8332-CC89-47BA-9741-7DEC2EA512E0}.Debug|Any CPU.Build.0 = Debug|Any CPU
		{3B3F8332-CC89-47BA-9741-7DEC2EA512E0}.Release|Any CPU.ActiveCfg = Release|Any CPU
		{3B3F8332-CC89-47BA-9741-7DEC2EA512E0}.Release|Any CPU.Build.0 = Release|Any CPU
	EndGlobalSection
	GlobalSection(SolutionProperties) = preSolution
		HideSolutionNode = FALSE
	EndGlobalSection
	GlobalSection(ExtensibilityGlobals) = postSolution
		SolutionGuid = {3EDBA327-D2CE-421E-876D-9E7C8FC6609E}
	EndGlobalSection
EndGlobal
