Microsoft Visual Studio Solution File, Format Version 11.00
# Visual Studio 2010
Project("{E097FAD1-6243-4DAD-9C02-E9B9EFC3FFC1}") = "Assembly-CSharp", "Assembly-CSharp.csproj", "{397E5F8C-500A-648C-2CBF-9076A34A16F3}"
EndProject
Project("{E097FAD1-6243-4DAD-9C02-E9B9EFC3FFC1}") = "Assembly-CSharp-Editor-firstpass", "Assembly-CSharp-Editor-firstpass.csproj", "{76439C09-BEFD-0808-BECB-0FB0F8F1CE8F}"
EndProject
Project("{E097FAD1-6243-4DAD-9C02-E9B9EFC3FFC1}") = "Assembly-CSharp-Editor", "Assembly-CSharp-Editor.csproj", "{F557E56D-47FC-CBC6-8CC1-291424310D2D}"
EndProject
Global
	GlobalSection(SolutionConfigurationPlatforms) = preSolution
		Debug|Any CPU = Debug|Any CPU
		Release|Any CPU = Release|Any CPU
	EndGlobalSection
	GlobalSection(ProjectConfigurationPlatforms) = postSolution
		{397E5F8C-500A-648C-2CBF-9076A34A16F3}.Debug|Any CPU.ActiveCfg = Debug|Any CPU
		{397E5F8C-500A-648C-2CBF-9076A34A16F3}.Debug|Any CPU.Build.0 = Debug|Any CPU
		{397E5F8C-500A-648C-2CBF-9076A34A16F3}.Release|Any CPU.ActiveCfg = Release|Any CPU
		{397E5F8C-500A-648C-2CBF-9076A34A16F3}.Release|Any CPU.Build.0 = Release|Any CPU
		{76439C09-BEFD-0808-BECB-0FB0F8F1CE8F}.Debug|Any CPU.ActiveCfg = Debug|Any CPU
		{76439C09-BEFD-0808-BECB-0FB0F8F1CE8F}.Debug|Any CPU.Build.0 = Debug|Any CPU
		{76439C09-BEFD-0808-BECB-0FB0F8F1CE8F}.Release|Any CPU.ActiveCfg = Release|Any CPU
		{76439C09-BEFD-0808-BECB-0FB0F8F1CE8F}.Release|Any CPU.Build.0 = Release|Any CPU
		{F557E56D-47FC-CBC6-8CC1-291424310D2D}.Debug|Any CPU.ActiveCfg = Debug|Any CPU
		{F557E56D-47FC-CBC6-8CC1-291424310D2D}.Debug|Any CPU.Build.0 = Debug|Any CPU
		{F557E56D-47FC-CBC6-8CC1-291424310D2D}.Release|Any CPU.ActiveCfg = Release|Any CPU
		{F557E56D-47FC-CBC6-8CC1-291424310D2D}.Release|Any CPU.Build.0 = Release|Any CPU
	EndGlobalSection
	GlobalSection(SolutionProperties) = preSolution
		HideSolutionNode = FALSE
	EndGlobalSection
	GlobalSection(MonoDevelopProperties) = preSolution
		StartupItem = Assembly-CSharp.csproj
	EndGlobalSection
EndGlobal
